Microsoft Visual Studio Solution File, Format Version 9.00
# Visual Studio 2005
Project("{FAE04EC0-301F-11D3-BF4B-00C04F79EFBC}") = "ManagedLuaPlusTest.vs2005", "ManagedLuaPlusTest.vs2005.csproj", "{A764BC0C-3740-46A0-934F-039509B18AE1}"
	ProjectSection(ProjectDependencies) = postProject
		{0A9BE418-B76A-4CAA-8A21-2F5E7BD3B2DD} = {0A9BE418-B76A-4CAA-8A21-2F5E7BD3B2DD}
	EndProjectSection
EndProject
Project("{8BC9CEB8-8B4A-11D0-8D11-00A0C91BC942}") = "ManagedLuaPlus", "..\..\Src\ManagedLuaPlus\ManagedLuaPlus.vs2005.vcproj", "{0A9BE418-B76A-4CAA-8A21-2F5E7BD3B2DD}"
EndProject
Global
	GlobalSection(SolutionConfigurationPlatforms) = preSolution
		Debug|Any CPU = Debug|Any CPU
		Debug|Mixed Platforms = Debug|Mixed Platforms
		Debug|Win32 = Debug|Win32
		Release|Any CPU = Release|Any CPU
		Release|Mixed Platforms = Release|Mixed Platforms
		Release|Win32 = Release|Win32
	EndGlobalSection
	GlobalSection(ProjectConfigurationPlatforms) = postSolution
		{A764BC0C-3740-46A0-934F-039509B18AE1}.Debug|Any CPU.ActiveCfg = Debug|Any CPU
		{A764BC0C-3740-46A0-934F-039509B18AE1}.Debug|Any CPU.Build.0 = Debug|Any CPU
		{A764BC0C-3740-46A0-934F-039509B18AE1}.Debug|Mixed Platforms.ActiveCfg = Debug|Any CPU
		{A764BC0C-3740-46A0-934F-039509B18AE1}.Debug|Mixed Platforms.Build.0 = Debug|Any CPU
		{A764BC0C-3740-46A0-934F-039509B18AE1}.Debug|Win32.ActiveCfg = Debug|Any CPU
		{A764BC0C-3740-46A0-934F-039509B18AE1}.Debug|Win32.Build.0 = Debug|Any CPU
		{A764BC0C-3740-46A0-934F-039509B18AE1}.Release|Any CPU.ActiveCfg = Release|Any CPU
		{A764BC0C-3740-46A0-934F-039509B18AE1}.Release|Any CPU.Build.0 = Release|Any CPU
		{A764BC0C-3740-46A0-934F-039509B18AE1}.Release|Mixed Platforms.ActiveCfg = Release|Any CPU
		{A764BC0C-3740-46A0-934F-039509B18AE1}.Release|Mixed Platforms.Build.0 = Release|Any CPU
		{A764BC0C-3740-46A0-934F-039509B18AE1}.Release|Win32.ActiveCfg = Release|Any CPU
		{0A9BE418-B76A-4CAA-8A21-2F5E7BD3B2DD}.Debug|Any CPU.ActiveCfg = Debug|Win32
		{0A9BE418-B76A-4CAA-8A21-2F5E7BD3B2DD}.Debug|Mixed Platforms.ActiveCfg = Debug|Win32
		{0A9BE418-B76A-4CAA-8A21-2F5E7BD3B2DD}.Debug|Mixed Platforms.Build.0 = Debug|Win32
		{0A9BE418-B76A-4CAA-8A21-2F5E7BD3B2DD}.Debug|Win32.ActiveCfg = Debug|Win32
		{0A9BE418-B76A-4CAA-8A21-2F5E7BD3B2DD}.Debug|Win32.Build.0 = Debug|Win32
		{0A9BE418-B76A-4CAA-8A21-2F5E7BD3B2DD}.Release|Any CPU.ActiveCfg = Release|Win32
		{0A9BE418-B76A-4CAA-8A21-2F5E7BD3B2DD}.Release|Mixed Platforms.ActiveCfg = Release|Win32
		{0A9BE418-B76A-4CAA-8A21-2F5E7BD3B2DD}.Release|Mixed Platforms.Build.0 = Release|Win32
		{0A9BE418-B76A-4CAA-8A21-2F5E7BD3B2DD}.Release|Win32.ActiveCfg = Release|Win32
		{0A9BE418-B76A-4CAA-8A21-2F5E7BD3B2DD}.Release|Win32.Build.0 = Release|Win32
	EndGlobalSection
	GlobalSection(SolutionProperties) = preSolution
		HideSolutionNode = FALSE
	EndGlobalSection
EndGlobal
